<Solution>
  <Folder Name="/event-sourcing-dotnet/Solution Items/">
    <File Path=".editorconfig" />
    <File Path="Directory.Build.props" />
    <File Path="Directory.Packages.props" />
  </Folder>
  <Folder Name="/event-sourcing-dotnet/">
    <Project Path="src/MartenApp/MartenApp.csproj" />
  </Folder>
</Solution>
